
Microsoft Visual Studio Solution File, Format Version 12.00
# Visual Studio 2013
VisualStudioVersion = 12.0.30501.0
MinimumVisualStudioVersion = 10.0.40219.1
Project("{FAE04EC0-301F-11D3-BF4B-00C04F79EFBC}") = "CodeChallenge13_Recursion", "CodeChallenge13_Recursion\CodeChallenge13_Recursion.csproj", "{AD9FC04E-3CE0-41CD-B03A-D4BF9802E1DB}"
EndProject
Project("{FAE04EC0-301F-11D3-BF4B-00C04F79EFBC}") = "CodeChallenge02_RomanNumerals", "CodeChallenge02_RomanNumerals\CodeChallenge02_RomanNumerals.csproj", "{9F398402-62E4-4AA1-9329-35DF7A62C597}"
EndProject
Project("{FAE04EC0-301F-11D3-BF4B-00C04F79EFBC}") = "CodeChallenge03_FizzBuzz", "CodeChallenge03_FizzBuzz\CodeChallenge03_FizzBuzz.csproj", "{13347262-13D8-4BAF-9352-9375E39EABC7}"
EndProject
Project("{FAE04EC0-301F-11D3-BF4B-00C04F79EFBC}") = "CodeChallenge04_SOLIDShapes", "CodeChallenge04_SOLIDShapes\CodeChallenge04_SOLIDShapes.csproj", "{4753E458-6301-4C85-8EFD-5EA66403129D}"
EndProject
Project("{FAE04EC0-301F-11D3-BF4B-00C04F79EFBC}") = "CodeChallenge05_ParenBalancing", "CodeChallenge05_ParenBalancing\CodeChallenge05_ParenBalancing.csproj", "{603F9E37-A43A-4E93-AE7C-65BAD7217B66}"
EndProject
Project("{FAE04EC0-301F-11D3-BF4B-00C04F79EFBC}") = "CodeChallenge06_CaesarCipher", "CodeChallenge06_CaesarCipher\CodeChallenge06_CaesarCipher.csproj", "{189603FD-F6A3-4E8A-BA3B-C98853EBC6F0}"
EndProject
Project("{FAE04EC0-301F-11D3-BF4B-00C04F79EFBC}") = "CodeChallenge07_CarWashThread", "CodeChallenge07_CarWashThread\CodeChallenge07_CarWashThread.csproj", "{F211F637-E6AF-4591-86EA-4BC5FD73A759}"
EndProject
Project("{FAE04EC0-301F-11D3-BF4B-00C04F79EFBC}") = "CodeChallenge08_LoremIpsumGenerator", "CodeChallenge08_LoremIpsumGenerator\CodeChallenge08_LoremIpsumGenerator.csproj", "{248817F7-974B-484B-B186-707B65467EEE}"
EndProject
Project("{2150E333-8FDC-42A3-9474-1A3956D46DE8}") = "SelfContainedSolutions", "SelfContainedSolutions", "{8842E246-9ED3-4738-90DA-4095A62D50AD}"
EndProject
Project("{FAE04EC0-301F-11D3-BF4B-00C04F79EFBC}") = "CodeChallenge09_PalindromeCheck", "CodeChallenge09_PalindromeCheck\CodeChallenge09_PalindromeCheck.csproj", "{521F5BDB-EEAC-46B8-B383-D8ACB25E8685}"
EndProject
Project("{FAE04EC0-301F-11D3-BF4B-00C04F79EFBC}") = "CodeChallenge10_SudokuValidator", "CodeChallenge10_SudokuValidator\CodeChallenge10_SudokuValidator.csproj", "{CA01DB64-091F-49EC-900A-2D6D58F39D53}"
EndProject
Project("{FAE04EC0-301F-11D3-BF4B-00C04F79EFBC}") = "CodeChallenge14_ChangeMachine", "CodeChallenge14_ChangeMachine\CodeChallenge14_ChangeMachine.csproj", "{DB95DC38-9548-4E06-8357-5E500C63B6E9}"
EndProject
Project("{FAE04EC0-301F-11D3-BF4B-00C04F79EFBC}") = "CodeChallenge11_Coupon", "CodeChallenge11_Coupon\CodeChallenge11_Coupon.csproj", "{FF4BBE83-25D3-4AFD-800A-09B87718E984}"
EndProject
Project("{FAE04EC0-301F-11D3-BF4B-00C04F79EFBC}") = "CodeChallenge12_LinkedList", "CodeChallenge12_LinkedList\CodeChallenge12_LinkedList.csproj", "{0962FBD7-1A9F-44B5-8BA8-E2B87D832354}"
EndProject
Project("{FAE04EC0-301F-11D3-BF4B-00C04F79EFBC}") = "CodeChallenge01_NumStringAdder", "CodeChallenge01_NumStringAdder\CodeChallenge01_NumStringAdder.csproj", "{AB4ECFC2-1DBD-4615-8EA5-02280052CBB3}"
EndProject
Project("{2150E333-8FDC-42A3-9474-1A3956D46DE8}") = "MVCCodeChallengesApp", "MVCCodeChallengesApp", "{FE85AEE2-4C56-4205-B116-05138D6E2322}"
EndProject
Project("{FAE04EC0-301F-11D3-BF4B-00C04F79EFBC}") = "MVCCodeChallenges", "MVCCodeChallenges\MVCCodeChallenges.csproj", "{5B1CE8A6-1A47-460B-A028-453CD3709931}"
EndProject
Project("{2150E333-8FDC-42A3-9474-1A3956D46DE8}") = "BusinessLogic", "BusinessLogic", "{1CE4954D-BFA8-4A13-B1FD-70AEAEFCC768}"
EndProject
Project("{FAE04EC0-301F-11D3-BF4B-00C04F79EFBC}") = "CodeChallengesBL", "CodeChallengesBL\CodeChallengesBL.csproj", "{9648F033-FB65-4A84-AF8A-BB50965A9859}"
EndProject
Project("{2150E333-8FDC-42A3-9474-1A3956D46DE8}") = "2015-Q1", "2015-Q1", "{BC94C340-C3C6-412D-9213-B60FFB97041D}"
EndProject
Project("{FAE04EC0-301F-11D3-BF4B-00C04F79EFBC}") = "CodeChallenge01_AlphanumericSorter", "CodeChallenge01_AlphanumericSorter\CodeChallenge01_AlphanumericSorter.csproj", "{85F68CD3-ED0B-4AFC-90A0-B70C192E2DC6}"
EndProject
Project("{FAE04EC0-301F-11D3-BF4B-00C04F79EFBC}") = "CodeChallenge02_ChangeMachine", "CodeChallenge02_ChangeMachine\CodeChallenge02_ChangeMachine.csproj", "{2C27F01A-9667-482A-ACE3-AD12CFCC430D}"
EndProject
Project("{2150E333-8FDC-42A3-9474-1A3956D46DE8}") = "2014", "2014", "{78A91D0C-0463-4971-A289-D06336011E52}"
EndProject
Global
	GlobalSection(SolutionConfigurationPlatforms) = preSolution
		Debug|Any CPU = Debug|Any CPU
		Release|Any CPU = Release|Any CPU
	EndGlobalSection
	GlobalSection(ProjectConfigurationPlatforms) = postSolution
		{AD9FC04E-3CE0-41CD-B03A-D4BF9802E1DB}.Debug|Any CPU.ActiveCfg = Debug|Any CPU
		{AD9FC04E-3CE0-41CD-B03A-D4BF9802E1DB}.Debug|Any CPU.Build.0 = Debug|Any CPU
		{AD9FC04E-3CE0-41CD-B03A-D4BF9802E1DB}.Release|Any CPU.ActiveCfg = Release|Any CPU
		{AD9FC04E-3CE0-41CD-B03A-D4BF9802E1DB}.Release|Any CPU.Build.0 = Release|Any CPU
		{9F398402-62E4-4AA1-9329-35DF7A62C597}.Debug|Any CPU.ActiveCfg = Debug|Any CPU
		{9F398402-62E4-4AA1-9329-35DF7A62C597}.Debug|Any CPU.Build.0 = Debug|Any CPU
		{9F398402-62E4-4AA1-9329-35DF7A62C597}.Release|Any CPU.ActiveCfg = Release|Any CPU
		{9F398402-62E4-4AA1-9329-35DF7A62C597}.Release|Any CPU.Build.0 = Release|Any CPU
		{13347262-13D8-4BAF-9352-9375E39EABC7}.Debug|Any CPU.ActiveCfg = Debug|Any CPU
		{13347262-13D8-4BAF-9352-9375E39EABC7}.Debug|Any CPU.Build.0 = Debug|Any CPU
		{13347262-13D8-4BAF-9352-9375E39EABC7}.Release|Any CPU.ActiveCfg = Release|Any CPU
		{13347262-13D8-4BAF-9352-9375E39EABC7}.Release|Any CPU.Build.0 = Release|Any CPU
		{4753E458-6301-4C85-8EFD-5EA66403129D}.Debug|Any CPU.ActiveCfg = Debug|Any CPU
		{4753E458-6301-4C85-8EFD-5EA66403129D}.Debug|Any CPU.Build.0 = Debug|Any CPU
		{4753E458-6301-4C85-8EFD-5EA66403129D}.Release|Any CPU.ActiveCfg = Release|Any CPU
		{4753E458-6301-4C85-8EFD-5EA66403129D}.Release|Any CPU.Build.0 = Release|Any CPU
		{603F9E37-A43A-4E93-AE7C-65BAD7217B66}.Debug|Any CPU.ActiveCfg = Debug|Any CPU
		{603F9E37-A43A-4E93-AE7C-65BAD7217B66}.Debug|Any CPU.Build.0 = Debug|Any CPU
		{603F9E37-A43A-4E93-AE7C-65BAD7217B66}.Release|Any CPU.ActiveCfg = Release|Any CPU
		{603F9E37-A43A-4E93-AE7C-65BAD7217B66}.Release|Any CPU.Build.0 = Release|Any CPU
		{189603FD-F6A3-4E8A-BA3B-C98853EBC6F0}.Debug|Any CPU.ActiveCfg = Debug|Any CPU
		{189603FD-F6A3-4E8A-BA3B-C98853EBC6F0}.Debug|Any CPU.Build.0 = Debug|Any CPU
		{189603FD-F6A3-4E8A-BA3B-C98853EBC6F0}.Release|Any CPU.ActiveCfg = Release|Any CPU
		{189603FD-F6A3-4E8A-BA3B-C98853EBC6F0}.Release|Any CPU.Build.0 = Release|Any CPU
		{F211F637-E6AF-4591-86EA-4BC5FD73A759}.Debug|Any CPU.ActiveCfg = Debug|Any CPU
		{F211F637-E6AF-4591-86EA-4BC5FD73A759}.Debug|Any CPU.Build.0 = Debug|Any CPU
		{F211F637-E6AF-4591-86EA-4BC5FD73A759}.Release|Any CPU.ActiveCfg = Release|Any CPU
		{F211F637-E6AF-4591-86EA-4BC5FD73A759}.Release|Any CPU.Build.0 = Release|Any CPU
		{248817F7-974B-484B-B186-707B65467EEE}.Debug|Any CPU.ActiveCfg = Debug|Any CPU
		{248817F7-974B-484B-B186-707B65467EEE}.Debug|Any CPU.Build.0 = Debug|Any CPU
		{248817F7-974B-484B-B186-707B65467EEE}.Release|Any CPU.ActiveCfg = Release|Any CPU
		{248817F7-974B-484B-B186-707B65467EEE}.Release|Any CPU.Build.0 = Release|Any CPU
		{521F5BDB-EEAC-46B8-B383-D8ACB25E8685}.Debug|Any CPU.ActiveCfg = Debug|Any CPU
		{521F5BDB-EEAC-46B8-B383-D8ACB25E8685}.Debug|Any CPU.Build.0 = Debug|Any CPU
		{521F5BDB-EEAC-46B8-B383-D8ACB25E8685}.Release|Any CPU.ActiveCfg = Release|Any CPU
		{521F5BDB-EEAC-46B8-B383-D8ACB25E8685}.Release|Any CPU.Build.0 = Release|Any CPU
		{CA01DB64-091F-49EC-900A-2D6D58F39D53}.Debug|Any CPU.ActiveCfg = Debug|Any CPU
		{CA01DB64-091F-49EC-900A-2D6D58F39D53}.Debug|Any CPU.Build.0 = Debug|Any CPU
		{CA01DB64-091F-49EC-900A-2D6D58F39D53}.Release|Any CPU.ActiveCfg = Release|Any CPU
		{CA01DB64-091F-49EC-900A-2D6D58F39D53}.Release|Any CPU.Build.0 = Release|Any CPU
		{DB95DC38-9548-4E06-8357-5E500C63B6E9}.Debug|Any CPU.ActiveCfg = Debug|Any CPU
		{DB95DC38-9548-4E06-8357-5E500C63B6E9}.Debug|Any CPU.Build.0 = Debug|Any CPU
		{DB95DC38-9548-4E06-8357-5E500C63B6E9}.Release|Any CPU.ActiveCfg = Release|Any CPU
		{DB95DC38-9548-4E06-8357-5E500C63B6E9}.Release|Any CPU.Build.0 = Release|Any CPU
		{FF4BBE83-25D3-4AFD-800A-09B87718E984}.Debug|Any CPU.ActiveCfg = Debug|Any CPU
		{FF4BBE83-25D3-4AFD-800A-09B87718E984}.Debug|Any CPU.Build.0 = Debug|Any CPU
		{FF4BBE83-25D3-4AFD-800A-09B87718E984}.Release|Any CPU.ActiveCfg = Release|Any CPU
		{FF4BBE83-25D3-4AFD-800A-09B87718E984}.Release|Any CPU.Build.0 = Release|Any CPU
		{0962FBD7-1A9F-44B5-8BA8-E2B87D832354}.Debug|Any CPU.ActiveCfg = Debug|Any CPU
		{0962FBD7-1A9F-44B5-8BA8-E2B87D832354}.Debug|Any CPU.Build.0 = Debug|Any CPU
		{0962FBD7-1A9F-44B5-8BA8-E2B87D832354}.Release|Any CPU.ActiveCfg = Release|Any CPU
		{0962FBD7-1A9F-44B5-8BA8-E2B87D832354}.Release|Any CPU.Build.0 = Release|Any CPU
		{AB4ECFC2-1DBD-4615-8EA5-02280052CBB3}.Debug|Any CPU.ActiveCfg = Debug|Any CPU
		{AB4ECFC2-1DBD-4615-8EA5-02280052CBB3}.Debug|Any CPU.Build.0 = Debug|Any CPU
		{AB4ECFC2-1DBD-4615-8EA5-02280052CBB3}.Release|Any CPU.ActiveCfg = Release|Any CPU
		{AB4ECFC2-1DBD-4615-8EA5-02280052CBB3}.Release|Any CPU.Build.0 = Release|Any CPU
		{5B1CE8A6-1A47-460B-A028-453CD3709931}.Debug|Any CPU.ActiveCfg = Debug|Any CPU
		{5B1CE8A6-1A47-460B-A028-453CD3709931}.Debug|Any CPU.Build.0 = Debug|Any CPU
		{5B1CE8A6-1A47-460B-A028-453CD3709931}.Release|Any CPU.ActiveCfg = Release|Any CPU
		{5B1CE8A6-1A47-460B-A028-453CD3709931}.Release|Any CPU.Build.0 = Release|Any CPU
		{9648F033-FB65-4A84-AF8A-BB50965A9859}.Debug|Any CPU.ActiveCfg = Debug|Any CPU
		{9648F033-FB65-4A84-AF8A-BB50965A9859}.Debug|Any CPU.Build.0 = Debug|Any CPU
		{9648F033-FB65-4A84-AF8A-BB50965A9859}.Release|Any CPU.ActiveCfg = Release|Any CPU
		{9648F033-FB65-4A84-AF8A-BB50965A9859}.Release|Any CPU.Build.0 = Release|Any CPU
		{85F68CD3-ED0B-4AFC-90A0-B70C192E2DC6}.Debug|Any CPU.ActiveCfg = Debug|Any CPU
		{85F68CD3-ED0B-4AFC-90A0-B70C192E2DC6}.Debug|Any CPU.Build.0 = Debug|Any CPU
		{85F68CD3-ED0B-4AFC-90A0-B70C192E2DC6}.Release|Any CPU.ActiveCfg = Release|Any CPU
		{85F68CD3-ED0B-4AFC-90A0-B70C192E2DC6}.Release|Any CPU.Build.0 = Release|Any CPU
		{2C27F01A-9667-482A-ACE3-AD12CFCC430D}.Debug|Any CPU.ActiveCfg = Debug|Any CPU
		{2C27F01A-9667-482A-ACE3-AD12CFCC430D}.Debug|Any CPU.Build.0 = Debug|Any CPU
		{2C27F01A-9667-482A-ACE3-AD12CFCC430D}.Release|Any CPU.ActiveCfg = Release|Any CPU
		{2C27F01A-9667-482A-ACE3-AD12CFCC430D}.Release|Any CPU.Build.0 = Release|Any CPU
	EndGlobalSection
	GlobalSection(SolutionProperties) = preSolution
		HideSolutionNode = FALSE
	EndGlobalSection
	GlobalSection(NestedProjects) = preSolution
		{AD9FC04E-3CE0-41CD-B03A-D4BF9802E1DB} = {78A91D0C-0463-4971-A289-D06336011E52}
		{9F398402-62E4-4AA1-9329-35DF7A62C597} = {78A91D0C-0463-4971-A289-D06336011E52}
		{13347262-13D8-4BAF-9352-9375E39EABC7} = {78A91D0C-0463-4971-A289-D06336011E52}
		{4753E458-6301-4C85-8EFD-5EA66403129D} = {78A91D0C-0463-4971-A289-D06336011E52}
		{603F9E37-A43A-4E93-AE7C-65BAD7217B66} = {78A91D0C-0463-4971-A289-D06336011E52}
		{189603FD-F6A3-4E8A-BA3B-C98853EBC6F0} = {78A91D0C-0463-4971-A289-D06336011E52}
		{F211F637-E6AF-4591-86EA-4BC5FD73A759} = {78A91D0C-0463-4971-A289-D06336011E52}
		{248817F7-974B-484B-B186-707B65467EEE} = {78A91D0C-0463-4971-A289-D06336011E52}
		{521F5BDB-EEAC-46B8-B383-D8ACB25E8685} = {78A91D0C-0463-4971-A289-D06336011E52}
		{CA01DB64-091F-49EC-900A-2D6D58F39D53} = {78A91D0C-0463-4971-A289-D06336011E52}
		{DB95DC38-9548-4E06-8357-5E500C63B6E9} = {78A91D0C-0463-4971-A289-D06336011E52}
		{FF4BBE83-25D3-4AFD-800A-09B87718E984} = {78A91D0C-0463-4971-A289-D06336011E52}
		{0962FBD7-1A9F-44B5-8BA8-E2B87D832354} = {78A91D0C-0463-4971-A289-D06336011E52}
		{AB4ECFC2-1DBD-4615-8EA5-02280052CBB3} = {78A91D0C-0463-4971-A289-D06336011E52}
		{5B1CE8A6-1A47-460B-A028-453CD3709931} = {FE85AEE2-4C56-4205-B116-05138D6E2322}
		{9648F033-FB65-4A84-AF8A-BB50965A9859} = {1CE4954D-BFA8-4A13-B1FD-70AEAEFCC768}
		{BC94C340-C3C6-412D-9213-B60FFB97041D} = {8842E246-9ED3-4738-90DA-4095A62D50AD}
		{85F68CD3-ED0B-4AFC-90A0-B70C192E2DC6} = {BC94C340-C3C6-412D-9213-B60FFB97041D}
		{2C27F01A-9667-482A-ACE3-AD12CFCC430D} = {BC94C340-C3C6-412D-9213-B60FFB97041D}
		{78A91D0C-0463-4971-A289-D06336011E52} = {8842E246-9ED3-4738-90DA-4095A62D50AD}
	EndGlobalSection
EndGlobal
